
Microsoft Visual Studio Solution File, Format Version 12.00
# Visual Studio Version 16
VisualStudioVersion = 16.0.30225.117
MinimumVisualStudioVersion = 10.0.40219.1
Project("{FAE04EC0-301F-11D3-BF4B-00C04F79EFBC}") = "HolidayMaster", "HolidayMaster\HolidayMaster.csproj", "{AA753303-04BF-40AE-9895-05D1CE2B8250}"
EndProject
Global
	GlobalSection(SolutionConfigurationPlatforms) = preSolution
		Debug|Any CPU = Debug|Any CPU
		Release|Any CPU = Release|Any CPU
	EndGlobalSection
	GlobalSection(ProjectConfigurationPlatforms) = postSolution
		{AA753303-04BF-40AE-9895-05D1CE2B8250}.Debug|Any CPU.ActiveCfg = Debug|Any CPU
		{AA753303-04BF-40AE-9895-05D1CE2B8250}.Debug|Any CPU.Build.0 = Debug|Any CPU
		{AA753303-04BF-40AE-9895-05D1CE2B8250}.Release|Any CPU.ActiveCfg = Release|Any CPU
		{AA753303-04BF-40AE-9895-05D1CE2B8250}.Release|Any CPU.Build.0 = Release|Any CPU
	EndGlobalSection
	GlobalSection(SolutionProperties) = preSolution
		HideSolutionNode = FALSE
	EndGlobalSection
	GlobalSection(ExtensibilityGlobals) = postSolution
		SolutionGuid = {5B2CEBB9-6358-4265-8F4D-EBEFC095A44D}
	EndGlobalSection
EndGlobal
